
Microsoft Visual Studio Solution File, Format Version 12.00
# Visual Studio Version 17
VisualStudioVersion = 17.7.34031.279
MinimumVisualStudioVersion = 10.0.40219.1
Project("{FAE04EC0-301F-11D3-BF4B-00C04F79EFBC}") = "SWD606_Diablo_Cafe", "SWD606_Diablo_Cafe.csproj", "{0527759F-583D-4F4A-B3DC-AA978ABBD2E1}"
EndProject
Project("{FAE04EC0-301F-11D3-BF4B-00C04F79EFBC}") = "UnitTestProject1", "..\UnitTestProject1\UnitTestProject1.csproj", "{210F0A52-3F10-4966-A8A5-1B24811A27B7}"
EndProject
Global
	GlobalSection(SolutionConfigurationPlatforms) = preSolution
		Debug|Any CPU = Debug|Any CPU
		Release|Any CPU = Release|Any CPU
	EndGlobalSection
	GlobalSection(ProjectConfigurationPlatforms) = postSolution
		{0527759F-583D-4F4A-B3DC-AA978ABBD2E1}.Debug|Any CPU.ActiveCfg = Debug|Any CPU
		{0527759F-583D-4F4A-B3DC-AA978ABBD2E1}.Debug|Any CPU.Build.0 = Debug|Any CPU
		{0527759F-583D-4F4A-B3DC-AA978ABBD2E1}.Release|Any CPU.ActiveCfg = Release|Any CPU
		{0527759F-583D-4F4A-B3DC-AA978ABBD2E1}.Release|Any CPU.Build.0 = Release|Any CPU
		{210F0A52-3F10-4966-A8A5-1B24811A27B7}.Debug|Any CPU.ActiveCfg = Debug|Any CPU
		{210F0A52-3F10-4966-A8A5-1B24811A27B7}.Debug|Any CPU.Build.0 = Debug|Any CPU
		{210F0A52-3F10-4966-A8A5-1B24811A27B7}.Release|Any CPU.ActiveCfg = Release|Any CPU
		{210F0A52-3F10-4966-A8A5-1B24811A27B7}.Release|Any CPU.Build.0 = Release|Any CPU
	EndGlobalSection
	GlobalSection(SolutionProperties) = preSolution
		HideSolutionNode = FALSE
	EndGlobalSection
	GlobalSection(ExtensibilityGlobals) = postSolution
		SolutionGuid = {60B209B1-3162-4878-9559-A301EBB9118C}
	EndGlobalSection
EndGlobal
